
Microsoft Visual Studio Solution File, Format Version 12.00
# Visual Studio Version 17
VisualStudioVersion = 17.5.33627.172
MinimumVisualStudioVersion = 10.0.40219.1
Project("{2150E333-8FDC-42A3-9474-1A3956D46DE8}") = "Frontend", "Frontend", "{74281114-364B-4089-990C-A4BC191B2651}"
EndProject
Project("{2150E333-8FDC-42A3-9474-1A3956D46DE8}") = "Integration", "Integration", "{CF2E58BB-839B-46DA-9B9A-9512622D2335}"
EndProject
Project("{2150E333-8FDC-42A3-9474-1A3956D46DE8}") = "Services", "Services", "{DFA5F4E5-F099-427A-8336-6079A6A44903}"
EndProject
Project("{FAE04EC0-301F-11D3-BF4B-00C04F79EFBC}") = "TheJitu_Commerce_Auth", "TheJitu_Commerce_Auth\TheJitu_Commerce_Auth.csproj", "{19F436AE-63CF-458B-9314-ED869A254069}"
EndProject
Project("{FAE04EC0-301F-11D3-BF4B-00C04F79EFBC}") = "TheJitu_commerce_Coupons", "TheJitu_commerce_Coupons\TheJitu_commerce_Coupons.csproj", "{DA288A0D-3AEF-42D0-8DC5-10E4285042FC}"
EndProject
Project("{FAE04EC0-301F-11D3-BF4B-00C04F79EFBC}") = "TheJitu_Commerce_Product", "TheJitu_Commerce_Product\TheJitu_Commerce_Product.csproj", "{3ED08AD8-508B-4CC5-B58B-09249C1081C5}"
EndProject
Global
	GlobalSection(SolutionConfigurationPlatforms) = preSolution
		Debug|Any CPU = Debug|Any CPU
		Release|Any CPU = Release|Any CPU
	EndGlobalSection
	GlobalSection(ProjectConfigurationPlatforms) = postSolution
		{19F436AE-63CF-458B-9314-ED869A254069}.Debug|Any CPU.ActiveCfg = Debug|Any CPU
		{19F436AE-63CF-458B-9314-ED869A254069}.Debug|Any CPU.Build.0 = Debug|Any CPU
		{19F436AE-63CF-458B-9314-ED869A254069}.Release|Any CPU.ActiveCfg = Release|Any CPU
		{19F436AE-63CF-458B-9314-ED869A254069}.Release|Any CPU.Build.0 = Release|Any CPU
		{DA288A0D-3AEF-42D0-8DC5-10E4285042FC}.Debug|Any CPU.ActiveCfg = Debug|Any CPU
		{DA288A0D-3AEF-42D0-8DC5-10E4285042FC}.Debug|Any CPU.Build.0 = Debug|Any CPU
		{DA288A0D-3AEF-42D0-8DC5-10E4285042FC}.Release|Any CPU.ActiveCfg = Release|Any CPU
		{DA288A0D-3AEF-42D0-8DC5-10E4285042FC}.Release|Any CPU.Build.0 = Release|Any CPU
		{3ED08AD8-508B-4CC5-B58B-09249C1081C5}.Debug|Any CPU.ActiveCfg = Debug|Any CPU
		{3ED08AD8-508B-4CC5-B58B-09249C1081C5}.Debug|Any CPU.Build.0 = Debug|Any CPU
		{3ED08AD8-508B-4CC5-B58B-09249C1081C5}.Release|Any CPU.ActiveCfg = Release|Any CPU
		{3ED08AD8-508B-4CC5-B58B-09249C1081C5}.Release|Any CPU.Build.0 = Release|Any CPU
	EndGlobalSection
	GlobalSection(SolutionProperties) = preSolution
		HideSolutionNode = FALSE
	EndGlobalSection
	GlobalSection(NestedProjects) = preSolution
		{19F436AE-63CF-458B-9314-ED869A254069} = {DFA5F4E5-F099-427A-8336-6079A6A44903}
		{DA288A0D-3AEF-42D0-8DC5-10E4285042FC} = {DFA5F4E5-F099-427A-8336-6079A6A44903}
		{3ED08AD8-508B-4CC5-B58B-09249C1081C5} = {DFA5F4E5-F099-427A-8336-6079A6A44903}
	EndGlobalSection
	GlobalSection(ExtensibilityGlobals) = postSolution
		SolutionGuid = {F574DA5E-D559-447B-AFE6-6411F9ED8FC5}
	EndGlobalSection
EndGlobal
